
Microsoft Visual Studio Solution File, Format Version 12.00
# Visual Studio Version 16
VisualStudioVersion = 16.0.30907.101
MinimumVisualStudioVersion = 10.0.40219.1
Project("{FAE04EC0-301F-11D3-BF4B-00C04F79EFBC}") = "MoodAnalyser", "MoodAnalyser\MoodAnalyser.csproj", "{F7C94F47-AF3E-4F31-A479-47A523D10B3D}"
EndProject
Project("{FAE04EC0-301F-11D3-BF4B-00C04F79EFBC}") = "MoodAnalyserTest", "MoodAnalyserTest\MoodAnalyserTest.csproj", "{9112FED0-8DDB-4F79-9A1C-172F4E0B9AC9}"
EndProject
Global
	GlobalSection(SolutionConfigurationPlatforms) = preSolution
		Debug|Any CPU = Debug|Any CPU
		Release|Any CPU = Release|Any CPU
	EndGlobalSection
	GlobalSection(ProjectConfigurationPlatforms) = postSolution
		{F7C94F47-AF3E-4F31-A479-47A523D10B3D}.Debug|Any CPU.ActiveCfg = Debug|Any CPU
		{F7C94F47-AF3E-4F31-A479-47A523D10B3D}.Debug|Any CPU.Build.0 = Debug|Any CPU
		{F7C94F47-AF3E-4F31-A479-47A523D10B3D}.Release|Any CPU.ActiveCfg = Release|Any CPU
		{F7C94F47-AF3E-4F31-A479-47A523D10B3D}.Release|Any CPU.Build.0 = Release|Any CPU
		{9112FED0-8DDB-4F79-9A1C-172F4E0B9AC9}.Debug|Any CPU.ActiveCfg = Debug|Any CPU
		{9112FED0-8DDB-4F79-9A1C-172F4E0B9AC9}.Debug|Any CPU.Build.0 = Debug|Any CPU
		{9112FED0-8DDB-4F79-9A1C-172F4E0B9AC9}.Release|Any CPU.ActiveCfg = Release|Any CPU
		{9112FED0-8DDB-4F79-9A1C-172F4E0B9AC9}.Release|Any CPU.Build.0 = Release|Any CPU
	EndGlobalSection
	GlobalSection(SolutionProperties) = preSolution
		HideSolutionNode = FALSE
	EndGlobalSection
	GlobalSection(ExtensibilityGlobals) = postSolution
		SolutionGuid = {C373DC4E-E844-417E-A113-197B98416BFF}
	EndGlobalSection
EndGlobal
